{
  "name": "sounded-out-v0",
  "version": "0.1.0",
  "lockfileVersion": 3,
  "requires": true,
  "packages": {
    "": {
      "name": "sounded-out-v0",
      "version": "0.1.0",
      "dependencies": {
        "@supabase/ssr": "^0.8.0",
        "@supabase/supabase-js": "^2.45.0",
        "@vercel/analytics": "^1.1.1",
        "mapbox-gl": "2.15.0",
        "next": "^13.5.6",
        "posthog-js": "^1.96.0",
        "react": "18.2.0",
        "react-dom": "18.2.0",
        "stripe": "^17.4.0"
      },
      "devDependencies": {
        "@types/mapbox-gl": "2.7.0",
        "@types/node": "20.1.0",
        "@types/react": "18.2.0",
        "@types/react-dom": "18.2.0",
        "typescript": "5.0.4"
      }
    },
    "node_modules/@mapbox/geojson-rewind": {
      "version": "0.5.2",
      "license": "ISC",
      "dependencies": {
        "get-stream": "^6.0.1",
        "minimist": "^1.2.6"
      },
      "bin": {
        "geojson-rewind": "geojson-rewind"
      }
    },
    "node_modules/@mapbox/jsonlint-lines-primitives": {
      "version": "2.0.2",
      "engines": {
        "node": ">= 0.6"
      }
    },
    "node_modules/@mapbox/mapbox-gl-supported": {
      "version": "2.0.1",
      "resolved": "https://registry.npmjs.org/@mapbox/mapbox-gl-supported/-/mapbox-gl-supported-2.0.1.tgz",
      "integrity": "sha512-HP6XvfNIzfoMVfyGjBckjiAOQK9WfX0ywdLubuPMPv+Vqf5fj0uCbgBQYpiqcWZT6cbyyRnTSXDheT1ugvF6UQ==",
      "license": "BSD-3-Clause"
    },
    "node_modules/@mapbox/point-geometry": {
      "version": "0.1.0",
      "license": "ISC"
    },
    "node_modules/@mapbox/tiny-sdf": {
      "version": "2.0.7",
      "resolved": "https://registry.npmjs.org/@mapbox/tiny-sdf/-/tiny-sdf-2.0.7.tgz",
      "integrity": "sha512-25gQLQMcpivjOSA40g3gO6qgiFPDpWRoMfd+G/GoppPIeP6JDaMMkMrEJnMZhKyyS6iKwVt5YKu02vCUyJM3Ug==",
      "license": "BSD-2-Clause"
    },
    "node_modules/@mapbox/unitbezier": {
      "version": "0.0.1",
      "license": "BSD-2-Clause"
    },
    "node_modules/@mapbox/vector-tile": {
      "version": "1.3.1",
      "license": "BSD-3-Clause",
      "dependencies": {
        "@mapbox/point-geometry": "~0.1.0"
      }
    },
    "node_modules/@mapbox/whoots-js": {
      "version": "3.1.0",
      "license": "ISC",
      "engines": {
        "node": ">=6.0.0"
      }
    },
    "node_modules/@next/env": {
      "version": "13.5.6",
      "resolved": "https://registry.npmjs.org/@next/env/-/env-13.5.6.tgz",
      "integrity": "sha512-Yac/bV5sBGkkEXmAX5FWPS9Mmo2rthrOPRQQNfycJPkjUAUclomCPH7QFVCDQ4Mp2k2K1SSM6m0zrxYrOwtFQw==",
      "license": "MIT"
    },
    "node_modules/@next/swc-darwin-arm64": {
      "version": "13.5.6",
      "resolved": "https://registry.npmjs.org/@next/swc-darwin-arm64/-/swc-darwin-arm64-13.5.6.tgz",
      "integrity": "sha512-5nvXMzKtZfvcu4BhtV0KH1oGv4XEW+B+jOfmBdpFI3C7FrB/MfujRpWYSBBO64+qbW8pkZiSyQv9eiwnn5VIQA==",
      "cpu": [
        "arm64"
      ],
      "license": "MIT",
      "optional": true,
      "os": [
        "darwin"
      ],
      "engines": {
        "node": ">= 10"
      }
    },
    "node_modules/@next/swc-darwin-x64": {
      "version": "13.5.6",
      "resolved": "https://registry.npmjs.org/@next/swc-darwin-x64/-/swc-darwin-x64-13.5.6.tgz",
      "integrity": "sha512-6cgBfxg98oOCSr4BckWjLLgiVwlL3vlLj8hXg2b+nDgm4bC/qVXXLfpLB9FHdoDu4057hzywbxKvmYGmi7yUzA==",
      "cpu": [
        "x64"
      ],
      "license": "MIT",
      "optional": true,
      "os": [
        "darwin"
      ],
      "engines": {
        "node": ">= 10"
      }
    },
    "node_modules/@next/swc-linux-arm64-gnu": {
      "version": "13.5.6",
      "resolved": "https://registry.npmjs.org/@next/swc-linux-arm64-gnu/-/swc-linux-arm64-gnu-13.5.6.tgz",
      "integrity": "sha512-txagBbj1e1w47YQjcKgSU4rRVQ7uF29YpnlHV5xuVUsgCUf2FmyfJ3CPjZUvpIeXCJAoMCFAoGnbtX86BK7+sg==",
      "cpu": [
        "arm64"
      ],
      "license": "MIT",
      "optional": true,
      "os": [
        "linux"
      ],
      "engines": {
        "node": ">= 10"
      }
    },
    "node_modules/@next/swc-linux-arm64-musl": {
      "version": "13.5.6",
      "resolved": "https://registry.npmjs.org/@next/swc-linux-arm64-musl/-/swc-linux-arm64-musl-13.5.6.tgz",
      "integrity": "sha512-cGd+H8amifT86ZldVJtAKDxUqeFyLWW+v2NlBULnLAdWsiuuN8TuhVBt8ZNpCqcAuoruoSWynvMWixTFcroq+Q==",
      "cpu": [
        "arm64"
      ],
      "license": "MIT",
      "optional": true,
      "os": [
        "linux"
      ],
      "engines": {
        "node": ">= 10"
      }
    },
    "node_modules/@next/swc-linux-x64-gnu": {
      "version": "13.5.6",
      "resolved": "https://registry.npmjs.org/@next/swc-linux-x64-gnu/-/swc-linux-x64-gnu-13.5.6.tgz",
      "integrity": "sha512-Mc2b4xiIWKXIhBy2NBTwOxGD3nHLmq4keFk+d4/WL5fMsB8XdJRdtUlL87SqVCTSaf1BRuQQf1HvXZcy+rq3Nw==",
      "cpu": [
        "x64"
      ],
      "license": "MIT",
      "optional": true,
      "os": [
        "linux"
      ],
      "engines": {
        "node": ">= 10"
      }
    },
    "node_modules/@next/swc-linux-x64-musl": {
      "version": "13.5.6",
      "resolved": "https://registry.npmjs.org/@next/swc-linux-x64-musl/-/swc-linux-x64-musl-13.5.6.tgz",
      "integrity": "sha512-CFHvP9Qz98NruJiUnCe61O6GveKKHpJLloXbDSWRhqhkJdZD2zU5hG+gtVJR//tyW897izuHpM6Gtf6+sNgJPQ==",
      "cpu": [
        "x64"
      ],
      "license": "MIT",
      "optional": true,
      "os": [
        "linux"
      ],
      "engines": {
        "node": ">= 10"
      }
    },
    "node_modules/@next/swc-win32-arm64-msvc": {
      "version": "13.5.6",
      "resolved": "https://registry.npmjs.org/@next/swc-win32-arm64-msvc/-/swc-win32-arm64-msvc-13.5.6.tgz",
      "integrity": "sha512-aFv1ejfkbS7PUa1qVPwzDHjQWQtknzAZWGTKYIAaS4NMtBlk3VyA6AYn593pqNanlicewqyl2jUhQAaFV/qXsg==",
      "cpu": [
        "arm64"
      ],
      "license": "MIT",
      "optional": true,
      "os": [
        "win32"
      ],
      "engines": {
        "node": ">= 10"
      }
    },
    "node_modules/@next/swc-win32-ia32-msvc": {
      "version": "13.5.6",
      "resolved": "https://registry.npmjs.org/@next/swc-win32-ia32-msvc/-/swc-win32-ia32-msvc-13.5.6.tgz",
      "integrity": "sha512-XqqpHgEIlBHvzwG8sp/JXMFkLAfGLqkbVsyN+/Ih1mR8INb6YCc2x/Mbwi6hsAgUnqQztz8cvEbHJUbSl7RHDg==",
      "cpu": [
        "ia32"
      ],
      "license": "MIT",
      "optional": true,
      "os": [
        "win32"
      ],
      "engines": {
        "node": ">= 10"
      }
    },
    "node_modules/@next/swc-win32-x64-msvc": {
      "version": "13.5.6",
      "resolved": "https://registry.npmjs.org/@next/swc-win32-x64-msvc/-/swc-win32-x64-msvc-13.5.6.tgz",
      "integrity": "sha512-Cqfe1YmOS7k+5mGu92nl5ULkzpKuxJrP3+4AEuPmrpFZ3BHxTY3TnHmU1On3bFmFFs6FbTcdF58CCUProGpIGQ==",
      "cpu": [
        "x64"
      ],
      "license": "MIT",
      "optional": true,
      "os": [
        "win32"
      ],
      "engines": {
        "node": ">= 10"
      }
    },
    "node_modules/@opentelemetry/api": {
      "version": "1.9.0",
      "license": "Apache-2.0",
      "peer": true,
      "engines": {
        "node": ">=8.0.0"
      }
    },
    "node_modules/@opentelemetry/api-logs": {
      "version": "0.208.0",
      "resolved": "https://registry.npmjs.org/@opentelemetry/api-logs/-/api-logs-0.208.0.tgz",
      "integrity": "sha512-CjruKY9V6NMssL/T1kAFgzosF1v9o6oeN+aX5JB/C/xPNtmgIJqcXHG7fA82Ou1zCpWGl4lROQUKwUNE1pMCyg==",
      "license": "Apache-2.0",
      "dependencies": {
        "@opentelemetry/api": "^1.3.0"
      },
      "engines": {
        "node": ">=8.0.0"
      }
    },
    "node_modules/@opentelemetry/core": {
      "version": "2.2.0",
      "license": "Apache-2.0",
      "dependencies": {
        "@opentelemetry/semantic-conventions": "^1.29.0"
      },
      "engines": {
        "node": "^18.19.0 || >=20.6.0"
      },
      "peerDependencies": {
        "@opentelemetry/api": ">=1.0.0 <1.10.0"
      }
    },
    "node_modules/@opentelemetry/exporter-logs-otlp-http": {
      "version": "0.208.0",
      "resolved": "https://registry.npmjs.org/@opentelemetry/exporter-logs-otlp-http/-/exporter-logs-otlp-http-0.208.0.tgz",
      "integrity": "sha512-jOv40Bs9jy9bZVLo/i8FwUiuCvbjWDI+ZW13wimJm4LjnlwJxGgB+N/VWOZUTpM+ah/awXeQqKdNlpLf2EjvYg==",
      "license": "Apache-2.0",
      "dependencies": {
        "@opentelemetry/api-logs": "0.208.0",
        "@opentelemetry/core": "2.2.0",
        "@opentelemetry/otlp-exporter-base": "0.208.0",
        "@opentelemetry/otlp-transformer": "0.208.0",
        "@opentelemetry/sdk-logs": "0.208.0"
      },
      "engines": {
        "node": "^18.19.0 || >=20.6.0"
      },
      "peerDependencies": {
        "@opentelemetry/api": "^1.3.0"
      }
    },
    "node_modules/@opentelemetry/otlp-exporter-base": {
      "version": "0.208.0",
      "license": "Apache-2.0",
      "dependencies": {
        "@opentelemetry/core": "2.2.0",
        "@opentelemetry/otlp-transformer": "0.208.0"
      },
      "engines": {
        "node": "^18.19.0 || >=20.6.0"
      },
      "peerDependencies": {
        "@opentelemetry/api": "^1.3.0"
      }
    },
    "node_modules/@opentelemetry/otlp-transformer": {
      "version": "0.208.0",
      "license": "Apache-2.0",
      "dependencies": {
        "@opentelemetry/api-logs": "0.208.0",
        "@opentelemetry/core": "2.2.0",
        "@opentelemetry/resources": "2.2.0",
        "@opentelemetry/sdk-logs": "0.208.0",
        "@opentelemetry/sdk-metrics": "2.2.0",
        "@opentelemetry/sdk-trace-base": "2.2.0",
        "protobufjs": "^7.3.0"
      },
      "engines": {
        "node": "^18.19.0 || >=20.6.0"
      },
      "peerDependencies": {
        "@opentelemetry/api": "^1.3.0"
      }
    },
    "node_modules/@opentelemetry/otlp-transformer/node_modules/@opentelemetry/resources": {
      "version": "2.2.0",
      "resolved": "https://registry.npmjs.org/@opentelemetry/resources/-/resources-2.2.0.tgz",
      "integrity": "sha512-1pNQf/JazQTMA0BiO5NINUzH0cbLbbl7mntLa4aJNmCCXSj0q03T5ZXXL0zw4G55TjdL9Tz32cznGClf+8zr5A==",
      "license": "Apache-2.0",
      "dependencies": {
        "@opentelemetry/core": "2.2.0",
        "@opentelemetry/semantic-conventions": "^1.29.0"
      },
      "engines": {
        "node": "^18.19.0 || >=20.6.0"
      },
      "peerDependencies": {
        "@opentelemetry/api": ">=1.3.0 <1.10.0"
      }
    },
    "node_modules/@opentelemetry/resources": {
      "version": "2.5.0",
      "resolved": "https://registry.npmjs.org/@opentelemetry/resources/-/resources-2.5.0.tgz",
      "integrity": "sha512-F8W52ApePshpoSrfsSk1H2yJn9aKjCrbpQF1M9Qii0GHzbfVeFUB+rc3X4aggyZD8x9Gu3Slua+s6krmq6Dt8g==",
      "license": "Apache-2.0",
      "dependencies": {
        "@opentelemetry/core": "2.5.0",
        "@opentelemetry/semantic-conventions": "^1.29.0"
      },
      "engines": {
        "node": "^18.19.0 || >=20.6.0"
      },
      "peerDependencies": {
        "@opentelemetry/api": ">=1.3.0 <1.10.0"
      }
    },
    "node_modules/@opentelemetry/resources/node_modules/@opentelemetry/core": {
      "version": "2.5.0",
      "resolved": "https://registry.npmjs.org/@opentelemetry/core/-/core-2.5.0.tgz",
      "integrity": "sha512-ka4H8OM6+DlUhSAZpONu0cPBtPPTQKxbxVzC4CzVx5+K4JnroJVBtDzLAMx4/3CDTJXRvVFhpFjtl4SaiTNoyQ==",
      "license": "Apache-2.0",
      "dependencies": {
        "@opentelemetry/semantic-conventions": "^1.29.0"
      },
      "engines": {
        "node": "^18.19.0 || >=20.6.0"
      },
      "peerDependencies": {
        "@opentelemetry/api": ">=1.0.0 <1.10.0"
      }
    },
    "node_modules/@opentelemetry/sdk-logs": {
      "version": "0.208.0",
      "license": "Apache-2.0",
      "dependencies": {
        "@opentelemetry/api-logs": "0.208.0",
        "@opentelemetry/core": "2.2.0",
        "@opentelemetry/resources": "2.2.0"
      },
      "engines": {
        "node": "^18.19.0 || >=20.6.0"
      },
      "peerDependencies": {
        "@opentelemetry/api": ">=1.4.0 <1.10.0"
      }
    },
    "node_modules/@opentelemetry/sdk-logs/node_modules/@opentelemetry/resources": {
      "version": "2.2.0",
      "resolved": "https://registry.npmjs.org/@opentelemetry/resources/-/resources-2.2.0.tgz",
      "integrity": "sha512-1pNQf/JazQTMA0BiO5NINUzH0cbLbbl7mntLa4aJNmCCXSj0q03T5ZXXL0zw4G55TjdL9Tz32cznGClf+8zr5A==",
      "license": "Apache-2.0",
      "dependencies": {
        "@opentelemetry/core": "2.2.0",
        "@opentelemetry/semantic-conventions": "^1.29.0"
      },
      "engines": {
        "node": "^18.19.0 || >=20.6.0"
      },
      "peerDependencies": {
        "@opentelemetry/api": ">=1.3.0 <1.10.0"
      }
    },
    "node_modules/@opentelemetry/sdk-metrics": {
      "version": "2.2.0",
      "license": "Apache-2.0",
      "dependencies": {
        "@opentelemetry/core": "2.2.0",
        "@opentelemetry/resources": "2.2.0"
      },
      "engines": {
        "node": "^18.19.0 || >=20.6.0"
      },
      "peerDependencies": {
        "@opentelemetry/api": ">=1.9.0 <1.10.0"
      }
    },
    "node_modules/@opentelemetry/sdk-metrics/node_modules/@opentelemetry/resources": {
      "version": "2.2.0",
      "resolved": "https://registry.npmjs.org/@opentelemetry/resources/-/resources-2.2.0.tgz",
      "integrity": "sha512-1pNQf/JazQTMA0BiO5NINUzH0cbLbbl7mntLa4aJNmCCXSj0q03T5ZXXL0zw4G55TjdL9Tz32cznGClf+8zr5A==",
      "license": "Apache-2.0",
      "dependencies": {
        "@opentelemetry/core": "2.2.0",
        "@opentelemetry/semantic-conventions": "^1.29.0"
      },
      "engines": {
        "node": "^18.19.0 || >=20.6.0"
      },
      "peerDependencies": {
        "@opentelemetry/api": ">=1.3.0 <1.10.0"
      }
    },
    "node_modules/@opentelemetry/sdk-trace-base": {
      "version": "2.2.0",
      "license": "Apache-2.0",
      "dependencies": {
        "@opentelemetry/core": "2.2.0",
        "@opentelemetry/resources": "2.2.0",
        "@opentelemetry/semantic-conventions": "^1.29.0"
      },
      "engines": {
        "node": "^18.19.0 || >=20.6.0"
      },
      "peerDependencies": {
        "@opentelemetry/api": ">=1.3.0 <1.10.0"
      }
    },
    "node_modules/@opentelemetry/sdk-trace-base/node_modules/@opentelemetry/resources": {
      "version": "2.2.0",
      "resolved": "https://registry.npmjs.org/@opentelemetry/resources/-/resources-2.2.0.tgz",
      "integrity": "sha512-1pNQf/JazQTMA0BiO5NINUzH0cbLbbl7mntLa4aJNmCCXSj0q03T5ZXXL0zw4G55TjdL9Tz32cznGClf+8zr5A==",
      "license": "Apache-2.0",
      "dependencies": {
        "@opentelemetry/core": "2.2.0",
        "@opentelemetry/semantic-conventions": "^1.29.0"
      },
      "engines": {
        "node": "^18.19.0 || >=20.6.0"
      },
      "peerDependencies": {
        "@opentelemetry/api": ">=1.3.0 <1.10.0"
      }
    },
    "node_modules/@opentelemetry/semantic-conventions": {
      "version": "1.39.0",
      "resolved": "https://registry.npmjs.org/@opentelemetry/semantic-conventions/-/semantic-conventions-1.39.0.tgz",
      "integrity": "sha512-R5R9tb2AXs2IRLNKLBJDynhkfmx7mX0vi8NkhZb3gUkPWHn6HXk5J8iQ/dql0U3ApfWym4kXXmBDRGO+oeOfjg==",
      "license": "Apache-2.0",
      "engines": {
        "node": ">=14"
      }
    },
    "node_modules/@posthog/core": {
      "version": "1.20.0",
      "license": "MIT",
      "dependencies": {
        "cross-spawn": "^7.0.6"
      }
    },
    "node_modules/@posthog/types": {
      "version": "1.341.0",
      "license": "MIT"
    },
    "node_modules/@protobufjs/aspromise": {
      "version": "1.1.2",
      "license": "BSD-3-Clause"
    },
    "node_modules/@protobufjs/base64": {
      "version": "1.1.2",
      "license": "BSD-3-Clause"
    },
    "node_modules/@protobufjs/codegen": {
      "version": "2.0.4",
      "license": "BSD-3-Clause"
    },
    "node_modules/@protobufjs/eventemitter": {
      "version": "1.1.0",
      "license": "BSD-3-Clause"
    },
    "node_modules/@protobufjs/fetch": {
      "version": "1.1.0",
      "license": "BSD-3-Clause",
      "dependencies": {
        "@protobufjs/aspromise": "^1.1.1",
        "@protobufjs/inquire": "^1.1.0"
      }
    },
    "node_modules/@protobufjs/float": {
      "version": "1.0.2",
      "license": "BSD-3-Clause"
    },
    "node_modules/@protobufjs/inquire": {
      "version": "1.1.0",
      "license": "BSD-3-Clause"
    },
    "node_modules/@protobufjs/path": {
      "version": "1.1.2",
      "license": "BSD-3-Clause"
    },
    "node_modules/@protobufjs/pool": {
      "version": "1.1.0",
      "license": "BSD-3-Clause"
    },
    "node_modules/@protobufjs/utf8": {
      "version": "1.1.0",
      "license": "BSD-3-Clause"
    },
    "node_modules/@supabase/ssr": {
      "version": "0.8.0",
      "resolved": "https://registry.npmjs.org/@supabase/ssr/-/ssr-0.8.0.tgz",
      "integrity": "sha512-/PKk8kNFSs8QvvJ2vOww1mF5/c5W8y42duYtXvkOSe+yZKRgTTZywYG2l41pjhNomqESZCpZtXuWmYjFRMV+dw==",
      "license": "MIT",
      "dependencies": {
        "cookie": "^1.0.2"
      },
      "peerDependencies": {
        "@supabase/supabase-js": "^2.76.1"
      }
    },
    "node_modules/@supabase/supabase-js": {
      "version": "2.94.1",
      "resolved": "https://registry.npmjs.org/@supabase/supabase-js/-/supabase-js-2.94.1.tgz",
      "integrity": "sha512-87vOY8n3WHB3m+a/KeySj07djOQVuRA5qgX5E7db1eDkaZ1of5M+3t/tv6eYYy4BfqxuHMZuCe5uVrO/oyvoow==",
      "license": "MIT",
      "peer": true,
      "dependencies": {
        "@supabase/auth-js": "2.94.1",
        "@supabase/functions-js": "2.94.1",
        "@supabase/postgrest-js": "2.94.1",
        "@supabase/realtime-js": "2.94.1",
        "@supabase/storage-js": "2.94.1"
      },
      "engines": {
        "node": ">=20.0.0"
      }
    },
    "node_modules/@supabase/supabase-js/node_modules/@supabase/auth-js": {
      "version": "2.94.1",
      "resolved": "https://registry.npmjs.org/@supabase/auth-js/-/auth-js-2.94.1.tgz",
      "integrity": "sha512-Wt/SdmAtNNiqrcBbPlzWojLcE1bQ9OYb8PTaYF6QccFX5JeXZI0sZ01MLNE+E83UK6cK0lw4YznX0D2g08UQng==",
      "license": "MIT",
      "dependencies": {
        "tslib": "2.8.1"
      },
      "engines": {
        "node": ">=20.0.0"
      }
    },
    "node_modules/@supabase/supabase-js/node_modules/@supabase/functions-js": {
      "version": "2.94.1",
      "resolved": "https://registry.npmjs.org/@supabase/functions-js/-/functions-js-2.94.1.tgz",
      "integrity": "sha512-A7Bx0gnclDNZ4m8+mnO2IEEzMxtUSg7cpPEBF6Ek1LpjIQkC7vvoidiV/RuntnKX43IiVcWV1f2FsAppMagEmQ==",
      "license": "MIT",
      "dependencies": {
        "tslib": "2.8.1"
      },
      "engines": {
        "node": ">=20.0.0"
      }
    },
    "node_modules/@supabase/supabase-js/node_modules/@supabase/postgrest-js": {
      "version": "2.94.1",
      "resolved": "https://registry.npmjs.org/@supabase/postgrest-js/-/postgrest-js-2.94.1.tgz",
      "integrity": "sha512-N6MTghjHnMZddT48rAj8dIFgedCU97cc1ahQM74Tc+DF4UH7y2+iEfdYV3unJsylpaiWlu92Fy8Lj14Jbrmxog==",
      "license": "MIT",
      "dependencies": {
        "tslib": "2.8.1"
      },
      "engines": {
        "node": ">=20.0.0"
      }
    },
    "node_modules/@supabase/supabase-js/node_modules/@supabase/realtime-js": {
      "version": "2.94.1",
      "resolved": "https://registry.npmjs.org/@supabase/realtime-js/-/realtime-js-2.94.1.tgz",
      "integrity": "sha512-Wq8olpCAGmN4y2DH2kUdlcakdzNHRCde72BFS8zK5ub46bBeSUoE9DqrfeNFWKaF2gCE/cmK8aTUTorZD9jdtQ==",
      "license": "MIT",
      "dependencies": {
        "@types/phoenix": "^1.6.6",
        "@types/ws": "^8.18.1",
        "tslib": "2.8.1",
        "ws": "^8.18.2"
      },
      "engines": {
        "node": ">=20.0.0"
      }
    },
    "node_modules/@supabase/supabase-js/node_modules/@supabase/storage-js": {
      "version": "2.94.1",
      "resolved": "https://registry.npmjs.org/@supabase/storage-js/-/storage-js-2.94.1.tgz",
      "integrity": "sha512-/Mi18LGyrugPwtfqETfAqEGcBQotY/7IMsTGYgEFdqr8cQq280BVQWjN2wI9KibWtshPp0Ryvil5Uzd5YfM7kA==",
      "license": "MIT",
      "dependencies": {
        "iceberg-js": "^0.8.1",
        "tslib": "2.8.1"
      },
      "engines": {
        "node": ">=20.0.0"
      }
    },
    "node_modules/@supabase/supabase-js/node_modules/ws": {
      "version": "8.19.0",
      "resolved": "https://registry.npmjs.org/ws/-/ws-8.19.0.tgz",
      "integrity": "sha512-blAT2mjOEIi0ZzruJfIhb3nps74PRWTCz1IjglWEEpQl5XS/UNama6u2/rjFkDDouqr4L67ry+1aGIALViWjDg==",
      "license": "MIT",
      "engines": {
        "node": ">=10.0.0"
      },
      "peerDependencies": {
        "bufferutil": "^4.0.1",
        "utf-8-validate": ">=5.0.2"
      },
      "peerDependenciesMeta": {
        "bufferutil": {
          "optional": true
        },
        "utf-8-validate": {
          "optional": true
        }
      }
    },
    "node_modules/@swc/helpers": {
      "version": "0.5.2",
      "resolved": "https://registry.npmjs.org/@swc/helpers/-/helpers-0.5.2.tgz",
      "integrity": "sha512-E4KcWTpoLHqwPHLxidpOqQbcrZVgi0rsmmZXUle1jXmJfuIf/UWpczUJ7MZZ5tlxytgJXyp0w4PGkkeLiuIdZw==",
      "license": "Apache-2.0",
      "dependencies": {
        "tslib": "^2.4.0"
      }
    },
    "node_modules/@types/geojson": {
      "version": "7946.0.16",
      "dev": true,
      "license": "MIT"
    },
    "node_modules/@types/mapbox-gl": {
      "version": "2.7.0",
      "resolved": "https://registry.npmjs.org/@types/mapbox-gl/-/mapbox-gl-2.7.0.tgz",
      "integrity": "sha512-kNT3iHMZILCb5Kg07TaUnZglCucO9KbVy1/0uPkFs3G9fWyFz22PGlHJtd25+A6KZ2Sjl+ByXq5850jyeZWQBA==",
      "dev": true,
      "license": "MIT",
      "dependencies": {
        "@types/geojson": "*"
      }
    },
    "node_modules/@types/node": {
      "version": "20.1.0",
      "resolved": "https://registry.npmjs.org/@types/node/-/node-20.1.0.tgz",
      "integrity": "sha512-O+z53uwx64xY7D6roOi4+jApDGFg0qn6WHcxe5QeqjMaTezBO/mxdfFXIVAVVyNWKx84OmPB3L8kbVYOTeN34A==",
      "license": "MIT"
    },
    "node_modules/@types/phoenix": {
      "version": "1.6.7",
      "license": "MIT"
    },
    "node_modules/@types/prop-types": {
      "version": "15.7.15",
      "resolved": "https://registry.npmjs.org/@types/prop-types/-/prop-types-15.7.15.tgz",
      "integrity": "sha512-F6bEyamV9jKGAFBEmlQnesRPGOQqS2+Uwi0Em15xenOxHaf2hv6L8YCVn3rPdPJOiJfPiCnLIRyvwVaqMY3MIw==",
      "dev": true,
      "license": "MIT"
    },
    "node_modules/@types/react": {
      "version": "18.2.0",
      "resolved": "https://registry.npmjs.org/@types/react/-/react-18.2.0.tgz",
      "integrity": "sha512-0FLj93y5USLHdnhIhABk83rm8XEGA7kH3cr+YUlvxoUGp1xNt/DINUMvqPxLyOQMzLmZe8i4RTHbvb8MC7NmrA==",
      "dev": true,
      "license": "MIT",
      "dependencies": {
        "@types/prop-types": "*",
        "@types/scheduler": "*",
        "csstype": "^3.0.2"
      }
    },
    "node_modules/@types/react-dom": {
      "version": "18.2.0",
      "resolved": "https://registry.npmjs.org/@types/react-dom/-/react-dom-18.2.0.tgz",
      "integrity": "sha512-8yQrvS6sMpSwIovhPOwfyNf2Wz6v/B62LFSVYQ85+Rq3tLsBIG7rP5geMxaijTUxSkrO6RzN/IRuIAADYQsleA==",
      "dev": true,
      "license": "MIT",
      "dependencies": {
        "@types/react": "*"
      }
    },
    "node_modules/@types/scheduler": {
      "version": "0.26.0",
      "resolved": "https://registry.npmjs.org/@types/scheduler/-/scheduler-0.26.0.tgz",
      "integrity": "sha512-WFHp9YUJQ6CKshqoC37iOlHnQSmxNc795UhB26CyBBttrN9svdIrUjl/NjnNmfcwtncN0h/0PPAFWv9ovP8mLA==",
      "dev": true,
      "license": "MIT"
    },
    "node_modules/@types/trusted-types": {
      "version": "2.0.7",
      "license": "MIT",
      "optional": true
    },
    "node_modules/@types/ws": {
      "version": "8.18.1",
      "license": "MIT",
      "dependencies": {
        "@types/node": "*"
      }
    },
    "node_modules/@vercel/analytics": {
      "version": "1.6.1",
      "resolved": "https://registry.npmjs.org/@vercel/analytics/-/analytics-1.6.1.tgz",
      "integrity": "sha512-oH9He/bEM+6oKlv3chWuOOcp8Y6fo6/PSro8hEkgCW3pu9/OiCXiUpRUogDh3Fs3LH2sosDrx8CxeOLBEE+afg==",
      "license": "MPL-2.0",
      "peerDependencies": {
        "@remix-run/react": "^2",
        "@sveltejs/kit": "^1 || ^2",
        "next": ">= 13",
        "react": "^18 || ^19 || ^19.0.0-rc",
        "svelte": ">= 4",
        "vue": "^3",
        "vue-router": "^4"
      },
      "peerDependenciesMeta": {
        "@remix-run/react": {
          "optional": true
        },
        "@sveltejs/kit": {
          "optional": true
        },
        "next": {
          "optional": true
        },
        "react": {
          "optional": true
        },
        "svelte": {
          "optional": true
        },
        "vue": {
          "optional": true
        },
        "vue-router": {
          "optional": true
        }
      }
    },
    "node_modules/busboy": {
      "version": "1.6.0",
      "resolved": "https://registry.npmjs.org/busboy/-/busboy-1.6.0.tgz",
      "integrity": "sha512-8SFQbg/0hQ9xy3UNTB0YEnsNBbWfhf7RtnzpL7TkBiTBRfrQ9Fxcnz7VJsleJpyp6rVLvXiuORqjlHi5q+PYuA==",
      "dependencies": {
        "streamsearch": "^1.1.0"
      },
      "engines": {
        "node": ">=10.16.0"
      }
    },
    "node_modules/call-bind-apply-helpers": {
      "version": "1.0.2",
      "license": "MIT",
      "dependencies": {
        "es-errors": "^1.3.0",
        "function-bind": "^1.1.2"
      },
      "engines": {
        "node": ">= 0.4"
      }
    },
    "node_modules/call-bound": {
      "version": "1.0.4",
      "license": "MIT",
      "dependencies": {
        "call-bind-apply-helpers": "^1.0.2",
        "get-intrinsic": "^1.3.0"
      },
      "engines": {
        "node": ">= 0.4"
      },
      "funding": {
        "url": "https://github.com/sponsors/ljharb"
      }
    },
    "node_modules/client-only": {
      "version": "0.0.1",
      "resolved": "https://registry.npmjs.org/client-only/-/client-only-0.0.1.tgz",
      "integrity": "sha512-IV3Ou0jSMzZrd3pZ48nLkT9DA7Ag1pnPzaiQhpW7c3RbcqqzvzzVu+L8gfqMp/8IM2MQtSiqaCxrrcfu8I8rMA==",
      "license": "MIT"
    },
    "node_modules/cookie": {
      "version": "1.1.1",
      "resolved": "https://registry.npmjs.org/cookie/-/cookie-1.1.1.tgz",
      "integrity": "sha512-ei8Aos7ja0weRpFzJnEA9UHJ/7XQmqglbRwnf2ATjcB9Wq874VKH9kfjjirM6UhU2/E5fFYadylyhFldcqSidQ==",
      "license": "MIT",
      "engines": {
        "node": ">=18"
      },
      "funding": {
        "type": "opencollective",
        "url": "https://opencollective.com/express"
      }
    },
    "node_modules/core-js": {
      "version": "3.48.0",
      "resolved": "https://registry.npmjs.org/core-js/-/core-js-3.48.0.tgz",
      "integrity": "sha512-zpEHTy1fjTMZCKLHUZoVeylt9XrzaIN2rbPXEt0k+q7JE5CkCZdo6bNq55bn24a69CH7ErAVLKijxJja4fw+UQ==",
      "hasInstallScript": true,
      "license": "MIT",
      "funding": {
        "type": "opencollective",
        "url": "https://opencollective.com/core-js"
      }
    },
    "node_modules/cross-spawn": {
      "version": "7.0.6",
      "license": "MIT",
      "dependencies": {
        "path-key": "^3.1.0",
        "shebang-command": "^2.0.0",
        "which": "^2.0.1"
      },
      "engines": {
        "node": ">= 8"
      }
    },
    "node_modules/csscolorparser": {
      "version": "1.0.3",
      "resolved": "https://registry.npmjs.org/csscolorparser/-/csscolorparser-1.0.3.tgz",
      "integrity": "sha512-umPSgYwZkdFoUrH5hIq5kf0wPSXiro51nPw0j2K/c83KflkPSTBGMz6NJvMB+07VlL0y7VPo6QJcDjcgKTTm3w==",
      "license": "MIT"
    },
    "node_modules/csstype": {
      "version": "3.2.3",
      "dev": true,
      "license": "MIT"
    },
    "node_modules/dompurify": {
      "version": "3.3.1",
      "license": "(MPL-2.0 OR Apache-2.0)",
      "optionalDependencies": {
        "@types/trusted-types": "^2.0.7"
      }
    },
    "node_modules/dunder-proto": {
      "version": "1.0.1",
      "license": "MIT",
      "dependencies": {
        "call-bind-apply-helpers": "^1.0.1",
        "es-errors": "^1.3.0",
        "gopd": "^1.2.0"
      },
      "engines": {
        "node": ">= 0.4"
      }
    },
    "node_modules/earcut": {
      "version": "2.2.4",
      "resolved": "https://registry.npmjs.org/earcut/-/earcut-2.2.4.tgz",
      "integrity": "sha512-/pjZsA1b4RPHbeWZQn66SWS8nZZWLQQ23oE3Eam7aroEFGEvwKAsJfZ9ytiEMycfzXWpca4FA9QIOehf7PocBQ==",
      "license": "ISC"
    },
    "node_modules/es-define-property": {
      "version": "1.0.1",
      "license": "MIT",
      "engines": {
        "node": ">= 0.4"
      }
    },
    "node_modules/es-errors": {
      "version": "1.3.0",
      "license": "MIT",
      "engines": {
        "node": ">= 0.4"
      }
    },
    "node_modules/es-object-atoms": {
      "version": "1.1.1",
      "license": "MIT",
      "dependencies": {
        "es-errors": "^1.3.0"
      },
      "engines": {
        "node": ">= 0.4"
      }
    },
    "node_modules/fflate": {
      "version": "0.4.8",
      "license": "MIT"
    },
    "node_modules/function-bind": {
      "version": "1.1.2",
      "license": "MIT",
      "funding": {
        "url": "https://github.com/sponsors/ljharb"
      }
    },
    "node_modules/geojson-vt": {
      "version": "3.2.1",
      "resolved": "https://registry.npmjs.org/geojson-vt/-/geojson-vt-3.2.1.tgz",
      "integrity": "sha512-EvGQQi/zPrDA6zr6BnJD/YhwAkBP8nnJ9emh3EnHQKVMfg/MRVtPbMYdgVy/IaEmn4UfagD2a6fafPDL5hbtwg==",
      "license": "ISC"
    },
    "node_modules/get-intrinsic": {
      "version": "1.3.0",
      "license": "MIT",
      "dependencies": {
        "call-bind-apply-helpers": "^1.0.2",
        "es-define-property": "^1.0.1",
        "es-errors": "^1.3.0",
        "es-object-atoms": "^1.1.1",
        "function-bind": "^1.1.2",
        "get-proto": "^1.0.1",
        "gopd": "^1.2.0",
        "has-symbols": "^1.1.0",
        "hasown": "^2.0.2",
        "math-intrinsics": "^1.1.0"
      },
      "engines": {
        "node": ">= 0.4"
      },
      "funding": {
        "url": "https://github.com/sponsors/ljharb"
      }
    },
    "node_modules/get-proto": {
      "version": "1.0.1",
      "license": "MIT",
      "dependencies": {
        "dunder-proto": "^1.0.1",
        "es-object-atoms": "^1.0.0"
      },
      "engines": {
        "node": ">= 0.4"
      }
    },
    "node_modules/get-stream": {
      "version": "6.0.1",
      "license": "MIT",
      "engines": {
        "node": ">=10"
      },
      "funding": {
        "url": "https://github.com/sponsors/sindresorhus"
      }
    },
    "node_modules/gl-matrix": {
      "version": "3.4.4",
      "resolved": "https://registry.npmjs.org/gl-matrix/-/gl-matrix-3.4.4.tgz",
      "integrity": "sha512-latSnyDNt/8zYUB6VIJ6PCh2jBjJX6gnDsoCZ7LyW7GkqrD51EWwa9qCoGixj8YqBtETQK/xY7OmpTF8xz1DdQ==",
      "license": "MIT"
    },
    "node_modules/glob-to-regexp": {
      "version": "0.4.1",
      "resolved": "https://registry.npmjs.org/glob-to-regexp/-/glob-to-regexp-0.4.1.tgz",
      "integrity": "sha512-lkX1HJXwyMcprw/5YUZc2s7DrpAiHB21/V+E1rHUrVNokkvB6bqMzT0VfV6/86ZNabt1k14YOIaT7nDvOX3Iiw==",
      "license": "BSD-2-Clause"
    },
    "node_modules/gopd": {
      "version": "1.2.0",
      "license": "MIT",
      "engines": {
        "node": ">= 0.4"
      },
      "funding": {
        "url": "https://github.com/sponsors/ljharb"
      }
    },
    "node_modules/graceful-fs": {
      "version": "4.2.11",
      "resolved": "https://registry.npmjs.org/graceful-fs/-/graceful-fs-4.2.11.tgz",
      "integrity": "sha512-RbJ5/jmFcNNCcDV5o9eTnBLJ/HszWV0P73bc+Ff4nS/rJj+YaS6IGyiOL0VoBYX+l1Wrl3k63h/KrH+nhJ0XvQ==",
      "license": "ISC"
    },
    "node_modules/grid-index": {
      "version": "1.1.0",
      "resolved": "https://registry.npmjs.org/grid-index/-/grid-index-1.1.0.tgz",
      "integrity": "sha512-HZRwumpOGUrHyxO5bqKZL0B0GlUpwtCAzZ42sgxUPniu33R1LSFH5yrIcBCHjkctCAh3mtWKcKd9J4vDDdeVHA==",
      "license": "ISC"
    },
    "node_modules/has-symbols": {
      "version": "1.1.0",
      "license": "MIT",
      "engines": {
        "node": ">= 0.4"
      },
      "funding": {
        "url": "https://github.com/sponsors/ljharb"
      }
    },
    "node_modules/hasown": {
      "version": "2.0.2",
      "license": "MIT",
      "dependencies": {
        "function-bind": "^1.1.2"
      },
      "engines": {
        "node": ">= 0.4"
      }
    },
    "node_modules/iceberg-js": {
      "version": "0.8.1",
      "license": "MIT",
      "engines": {
        "node": ">=20.0.0"
      }
    },
    "node_modules/ieee754": {
      "version": "1.2.1",
      "funding": [
        {
          "type": "github",
          "url": "https://github.com/sponsors/feross"
        },
        {
          "type": "patreon",
          "url": "https://www.patreon.com/feross"
        },
        {
          "type": "consulting",
          "url": "https://feross.org/support"
        }
      ],
      "license": "BSD-3-Clause"
    },
    "node_modules/isexe": {
      "version": "2.0.0",
      "license": "ISC"
    },
    "node_modules/js-tokens": {
      "version": "4.0.0",
      "license": "MIT"
    },
    "node_modules/kdbush": {
      "version": "4.0.2",
      "license": "ISC"
    },
    "node_modules/long": {
      "version": "5.3.2",
      "license": "Apache-2.0"
    },
    "node_modules/loose-envify": {
      "version": "1.4.0",
      "license": "MIT",
      "dependencies": {
        "js-tokens": "^3.0.0 || ^4.0.0"
      },
      "bin": {
        "loose-envify": "cli.js"
      }
    },
    "node_modules/mapbox-gl": {
      "version": "2.15.0",
      "resolved": "https://registry.npmjs.org/mapbox-gl/-/mapbox-gl-2.15.0.tgz",
      "integrity": "sha512-fjv+aYrd5TIHiL7wRa+W7KjtUqKWziJMZUkK5hm8TvJ3OLeNPx4NmW/DgfYhd/jHej8wWL+QJBDbdMMAKvNC0A==",
      "license": "SEE LICENSE IN LICENSE.txt",
      "dependencies": {
        "@mapbox/geojson-rewind": "^0.5.2",
        "@mapbox/jsonlint-lines-primitives": "^2.0.2",
        "@mapbox/mapbox-gl-supported": "^2.0.1",
        "@mapbox/point-geometry": "^0.1.0",
        "@mapbox/tiny-sdf": "^2.0.6",
        "@mapbox/unitbezier": "^0.0.1",
        "@mapbox/vector-tile": "^1.3.1",
        "@mapbox/whoots-js": "^3.1.0",
        "csscolorparser": "~1.0.3",
        "earcut": "^2.2.4",
        "geojson-vt": "^3.2.1",
        "gl-matrix": "^3.4.3",
        "grid-index": "^1.1.0",
        "kdbush": "^4.0.1",
        "murmurhash-js": "^1.0.0",
        "pbf": "^3.2.1",
        "potpack": "^2.0.0",
        "quickselect": "^2.0.0",
        "rw": "^1.3.3",
        "supercluster": "^8.0.0",
        "tinyqueue": "^2.0.3",
        "vt-pbf": "^3.1.3"
      }
    },
    "node_modules/math-intrinsics": {
      "version": "1.1.0",
      "license": "MIT",
      "engines": {
        "node": ">= 0.4"
      }
    },
    "node_modules/minimist": {
      "version": "1.2.8",
      "license": "MIT",
      "funding": {
        "url": "https://github.com/sponsors/ljharb"
      }
    },
    "node_modules/murmurhash-js": {
      "version": "1.0.0",
      "license": "MIT"
    },
    "node_modules/nanoid": {
      "version": "3.3.11",
      "funding": [
        {
          "type": "github",
          "url": "https://github.com/sponsors/ai"
        }
      ],
      "license": "MIT",
      "bin": {
        "nanoid": "bin/nanoid.cjs"
      },
      "engines": {
        "node": "^10 || ^12 || ^13.7 || ^14 || >=15.0.1"
      }
    },
    "node_modules/next": {
      "version": "13.5.6",
      "resolved": "https://registry.npmjs.org/next/-/next-13.5.6.tgz",
      "integrity": "sha512-Y2wTcTbO4WwEsVb4A8VSnOsG1I9ok+h74q0ZdxkwM3EODqrs4pasq7O0iUxbcS9VtWMicG7f3+HAj0r1+NtKSw==",
      "deprecated": "This version has a security vulnerability. Please upgrade to a patched version. See https://nextjs.org/blog/security-update-2025-12-11 for more details.",
      "license": "MIT",
      "peer": true,
      "dependencies": {
        "@next/env": "13.5.6",
        "@swc/helpers": "0.5.2",
        "busboy": "1.6.0",
        "caniuse-lite": "^1.0.30001406",
        "postcss": "8.4.31",
        "styled-jsx": "5.1.1",
        "watchpack": "2.4.0"
      },
      "bin": {
        "next": "dist/bin/next"
      },
      "engines": {
        "node": ">=16.14.0"
      },
      "optionalDependencies": {
        "@next/swc-darwin-arm64": "13.5.6",
        "@next/swc-darwin-x64": "13.5.6",
        "@next/swc-linux-arm64-gnu": "13.5.6",
        "@next/swc-linux-arm64-musl": "13.5.6",
        "@next/swc-linux-x64-gnu": "13.5.6",
        "@next/swc-linux-x64-musl": "13.5.6",
        "@next/swc-win32-arm64-msvc": "13.5.6",
        "@next/swc-win32-ia32-msvc": "13.5.6",
        "@next/swc-win32-x64-msvc": "13.5.6"
      },
      "peerDependencies": {
        "@opentelemetry/api": "^1.1.0",
        "react": "^18.2.0",
        "react-dom": "^18.2.0",
        "sass": "^1.3.0"
      },
      "peerDependenciesMeta": {
        "@opentelemetry/api": {
          "optional": true
        },
        "sass": {
          "optional": true
        }
      }
    },
    "node_modules/next/node_modules/caniuse-lite": {
      "version": "1.0.30001768",
      "resolved": "https://registry.npmjs.org/caniuse-lite/-/caniuse-lite-1.0.30001768.tgz",
      "integrity": "sha512-qY3aDRZC5nWPgHUgIB84WL+nySuo19wk0VJpp/XI9T34lrvkyhRvNVOFJOp2kxClQhiFBu+TaUSudf6oa3vkSA==",
      "funding": [
        {
          "type": "opencollective",
          "url": "https://opencollective.com/browserslist"
        },
        {
          "type": "tidelift",
          "url": "https://tidelift.com/funding/github/npm/caniuse-lite"
        },
        {
          "type": "github",
          "url": "https://github.com/sponsors/ai"
        }
      ],
      "license": "CC-BY-4.0"
    },
    "node_modules/object-inspect": {
      "version": "1.13.4",
      "license": "MIT",
      "engines": {
        "node": ">= 0.4"
      },
      "funding": {
        "url": "https://github.com/sponsors/ljharb"
      }
    },
    "node_modules/path-key": {
      "version": "3.1.1",
      "license": "MIT",
      "engines": {
        "node": ">=8"
      }
    },
    "node_modules/pbf": {
      "version": "3.3.0",
      "license": "BSD-3-Clause",
      "dependencies": {
        "ieee754": "^1.1.12",
        "resolve-protobuf-schema": "^2.1.0"
      },
      "bin": {
        "pbf": "bin/pbf"
      }
    },
    "node_modules/picocolors": {
      "version": "1.1.1",
      "license": "ISC"
    },
    "node_modules/postcss": {
      "version": "8.4.31",
      "funding": [
        {
          "type": "opencollective",
          "url": "https://opencollective.com/postcss/"
        },
        {
          "type": "tidelift",
          "url": "https://tidelift.com/funding/github/npm/postcss"
        },
        {
          "type": "github",
          "url": "https://github.com/sponsors/ai"
        }
      ],
      "license": "MIT",
      "dependencies": {
        "nanoid": "^3.3.6",
        "picocolors": "^1.0.0",
        "source-map-js": "^1.0.2"
      },
      "engines": {
        "node": "^10 || ^12 || >=14"
      }
    },
    "node_modules/posthog-js": {
      "version": "1.341.0",
      "resolved": "https://registry.npmjs.org/posthog-js/-/posthog-js-1.341.0.tgz",
      "integrity": "sha512-sWa/84yi93ar/SJrG0do5QshCGWqUH39cNLrngN/GqC8kA5JLxyUEBmFaK65aAxrSKJ1muGP11ofIKDCwQn98Q==",
      "license": "SEE LICENSE IN LICENSE",
      "dependencies": {
        "@opentelemetry/api": "^1.9.0",
        "@opentelemetry/api-logs": "^0.208.0",
        "@opentelemetry/exporter-logs-otlp-http": "^0.208.0",
        "@opentelemetry/resources": "^2.2.0",
        "@opentelemetry/sdk-logs": "^0.208.0",
        "@posthog/core": "1.20.0",
        "@posthog/types": "1.341.0",
        "core-js": "^3.38.1",
        "dompurify": "^3.3.1",
        "fflate": "^0.4.8",
        "preact": "^10.28.2",
        "query-selector-shadow-dom": "^1.0.1",
        "web-vitals": "^5.1.0"
      }
    },
    "node_modules/potpack": {
      "version": "2.1.0",
      "license": "ISC"
    },
    "node_modules/preact": {
      "version": "10.28.3",
      "license": "MIT",
      "funding": {
        "type": "opencollective",
        "url": "https://opencollective.com/preact"
      }
    },
    "node_modules/protobufjs": {
      "version": "7.5.4",
      "hasInstallScript": true,
      "license": "BSD-3-Clause",
      "dependencies": {
        "@protobufjs/aspromise": "^1.1.2",
        "@protobufjs/base64": "^1.1.2",
        "@protobufjs/codegen": "^2.0.4",
        "@protobufjs/eventemitter": "^1.1.0",
        "@protobufjs/fetch": "^1.1.0",
        "@protobufjs/float": "^1.0.2",
        "@protobufjs/inquire": "^1.1.0",
        "@protobufjs/path": "^1.1.2",
        "@protobufjs/pool": "^1.1.0",
        "@protobufjs/utf8": "^1.1.0",
        "@types/node": ">=13.7.0",
        "long": "^5.0.0"
      },
      "engines": {
        "node": ">=12.0.0"
      }
    },
    "node_modules/protocol-buffers-schema": {
      "version": "3.6.0",
      "license": "MIT"
    },
    "node_modules/qs": {
      "version": "6.14.1",
      "license": "BSD-3-Clause",
      "dependencies": {
        "side-channel": "^1.1.0"
      },
      "engines": {
        "node": ">=0.6"
      },
      "funding": {
        "url": "https://github.com/sponsors/ljharb"
      }
    },
    "node_modules/query-selector-shadow-dom": {
      "version": "1.0.1",
      "license": "MIT"
    },
    "node_modules/quickselect": {
      "version": "2.0.0",
      "license": "ISC"
    },
    "node_modules/react": {
      "version": "18.2.0",
      "resolved": "https://registry.npmjs.org/react/-/react-18.2.0.tgz",
      "integrity": "sha512-/3IjMdb2L9QbBdWiW5e3P2/npwMBaU9mHCSCUzNln0ZCYbcfTsGbTJrU/kGemdH2IWmB2ioZ+zkxtmq6g09fGQ==",
      "license": "MIT",
      "peer": true,
      "dependencies": {
        "loose-envify": "^1.1.0"
      },
      "engines": {
        "node": ">=0.10.0"
      }
    },
    "node_modules/react-dom": {
      "version": "18.2.0",
      "resolved": "https://registry.npmjs.org/react-dom/-/react-dom-18.2.0.tgz",
      "integrity": "sha512-6IMTriUmvsjHUjNtEDudZfuDQUoWXVxKHhlEGSk81n4YFS+r/Kl99wXiwlVXtPBtJenozv2P+hxDsw9eA7Xo6g==",
      "license": "MIT",
      "peer": true,
      "dependencies": {
        "loose-envify": "^1.1.0",
        "scheduler": "^0.23.0"
      },
      "peerDependencies": {
        "react": "^18.2.0"
      }
    },
    "node_modules/resolve-protobuf-schema": {
      "version": "2.1.0",
      "license": "MIT",
      "dependencies": {
        "protocol-buffers-schema": "^3.3.1"
      }
    },
    "node_modules/rw": {
      "version": "1.3.3",
      "license": "BSD-3-Clause"
    },
    "node_modules/scheduler": {
      "version": "0.23.2",
      "license": "MIT",
      "dependencies": {
        "loose-envify": "^1.1.0"
      }
    },
    "node_modules/shebang-command": {
      "version": "2.0.0",
      "license": "MIT",
      "dependencies": {
        "shebang-regex": "^3.0.0"
      },
      "engines": {
        "node": ">=8"
      }
    },
    "node_modules/shebang-regex": {
      "version": "3.0.0",
      "license": "MIT",
      "engines": {
        "node": ">=8"
      }
    },
    "node_modules/side-channel": {
      "version": "1.1.0",
      "license": "MIT",
      "dependencies": {
        "es-errors": "^1.3.0",
        "object-inspect": "^1.13.3",
        "side-channel-list": "^1.0.0",
        "side-channel-map": "^1.0.1",
        "side-channel-weakmap": "^1.0.2"
      },
      "engines": {
        "node": ">= 0.4"
      },
      "funding": {
        "url": "https://github.com/sponsors/ljharb"
      }
    },
    "node_modules/side-channel-list": {
      "version": "1.0.0",
      "license": "MIT",
      "dependencies": {
        "es-errors": "^1.3.0",
        "object-inspect": "^1.13.3"
      },
      "engines": {
        "node": ">= 0.4"
      },
      "funding": {
        "url": "https://github.com/sponsors/ljharb"
      }
    },
    "node_modules/side-channel-map": {
      "version": "1.0.1",
      "license": "MIT",
      "dependencies": {
        "call-bound": "^1.0.2",
        "es-errors": "^1.3.0",
        "get-intrinsic": "^1.2.5",
        "object-inspect": "^1.13.3"
      },
      "engines": {
        "node": ">= 0.4"
      },
      "funding": {
        "url": "https://github.com/sponsors/ljharb"
      }
    },
    "node_modules/side-channel-weakmap": {
      "version": "1.0.2",
      "license": "MIT",
      "dependencies": {
        "call-bound": "^1.0.2",
        "es-errors": "^1.3.0",
        "get-intrinsic": "^1.2.5",
        "object-inspect": "^1.13.3",
        "side-channel-map": "^1.0.1"
      },
      "engines": {
        "node": ">= 0.4"
      },
      "funding": {
        "url": "https://github.com/sponsors/ljharb"
      }
    },
    "node_modules/source-map-js": {
      "version": "1.2.1",
      "license": "BSD-3-Clause",
      "engines": {
        "node": ">=0.10.0"
      }
    },
    "node_modules/streamsearch": {
      "version": "1.1.0",
      "resolved": "https://registry.npmjs.org/streamsearch/-/streamsearch-1.1.0.tgz",
      "integrity": "sha512-Mcc5wHehp9aXz1ax6bZUyY5afg9u2rv5cqQI3mRrYkGC8rW2hM02jWuwjtL++LS5qinSyhj2QfLyNsuc+VsExg==",
      "engines": {
        "node": ">=10.0.0"
      }
    },
    "node_modules/stripe": {
      "version": "17.7.0",
      "resolved": "https://registry.npmjs.org/stripe/-/stripe-17.7.0.tgz",
      "integrity": "sha512-aT2BU9KkizY9SATf14WhhYVv2uOapBWX0OFWF4xvcj1mPaNotlSc2CsxpS4DS46ZueSppmCF5BX1sNYBtwBvfw==",
      "license": "MIT",
      "dependencies": {
        "@types/node": ">=8.1.0",
        "qs": "^6.11.0"
      },
      "engines": {
        "node": ">=12.*"
      }
    },
    "node_modules/styled-jsx": {
      "version": "5.1.1",
      "resolved": "https://registry.npmjs.org/styled-jsx/-/styled-jsx-5.1.1.tgz",
      "integrity": "sha512-pW7uC1l4mBZ8ugbiZrcIsiIvVx1UmTfw7UkC3Um2tmfUq9Bhk8IiyEIPl6F8agHgjzku6j0xQEZbfA5uSgSaCw==",
      "license": "MIT",
      "dependencies": {
        "client-only": "0.0.1"
      },
      "engines": {
        "node": ">= 12.0.0"
      },
      "peerDependencies": {
        "react": ">= 16.8.0 || 17.x.x || ^18.0.0-0"
      },
      "peerDependenciesMeta": {
        "@babel/core": {
          "optional": true
        },
        "babel-plugin-macros": {
          "optional": true
        }
      }
    },
    "node_modules/supercluster": {
      "version": "8.0.1",
      "license": "ISC",
      "dependencies": {
        "kdbush": "^4.0.2"
      }
    },
    "node_modules/tinyqueue": {
      "version": "2.0.3",
      "license": "ISC"
    },
    "node_modules/tslib": {
      "version": "2.8.1",
      "license": "0BSD"
    },
    "node_modules/typescript": {
      "version": "5.0.4",
      "resolved": "https://registry.npmjs.org/typescript/-/typescript-5.0.4.tgz",
      "integrity": "sha512-cW9T5W9xY37cc+jfEnaUvX91foxtHkza3Nw3wkoF4sSlKn0MONdkdEndig/qPBWXNkmplh3NzayQzCiHM4/hqw==",
      "dev": true,
      "license": "Apache-2.0",
      "bin": {
        "tsc": "bin/tsc",
        "tsserver": "bin/tsserver"
      },
      "engines": {
        "node": ">=12.20"
      }
    },
    "node_modules/vt-pbf": {
      "version": "3.1.3",
      "license": "MIT",
      "dependencies": {
        "@mapbox/point-geometry": "0.1.0",
        "@mapbox/vector-tile": "^1.3.1",
        "pbf": "^3.2.1"
      }
    },
    "node_modules/watchpack": {
      "version": "2.4.0",
      "resolved": "https://registry.npmjs.org/watchpack/-/watchpack-2.4.0.tgz",
      "integrity": "sha512-Lcvm7MGST/4fup+ifyKi2hjyIAwcdI4HRgtvTpIUxBRhB+RFtUh8XtDOxUfctVCnhVi+QQj49i91OyvzkJl6cg==",
      "license": "MIT",
      "dependencies": {
        "glob-to-regexp": "^0.4.1",
        "graceful-fs": "^4.1.2"
      },
      "engines": {
        "node": ">=10.13.0"
      }
    },
    "node_modules/web-vitals": {
      "version": "5.1.0",
      "license": "Apache-2.0"
    },
    "node_modules/which": {
      "version": "2.0.2",
      "license": "ISC",
      "dependencies": {
        "isexe": "^2.0.0"
      },
      "bin": {
        "node-which": "bin/node-which"
      },
      "engines": {
        "node": ">= 8"
      }
    }
  }
}
